<?xml version="1.0" encoding="utf-8"?>
<Project ToolsVersion="4.0" xmlns="http://schemas.microsoft.com/developer/msbuild/2003">
  <ItemGroup>
    <Filter Include="Header Files">
      <UniqueIdentifier>{93995380-89BD-4b04-88EB-625FBE52EBFB}</UniqueIdentifier>
      <Extensions>h;hpp;hxx;hm;inl;inc;xsd</Extensions>
    </Filter>
    <Filter Include="Source Files">
      <UniqueIdentifier>{4FC737F1-C7A5-4376-A066-2A32D752A2FF}</UniqueIdentifier>
      <Extensions>cpp;c;cxx;def;odl;idl;hpj;bat;asm;asmx</Extensions>
    </Filter>
  </ItemGroup>
  <ItemGroup>
    <ClCompile Include="main.cpp">
      <Filter>Source Files</Filter>
    </ClCompile>
    <ClCompile Include="scd.cpp">
      <Filter>Source Files</Filter>
    </ClCompile>
    <ClCompile Include="scd_Communication.cpp">
      <Filter>Source Files</Filter>
    </ClCompile>
    <ClCompile Include="scd_comm.cpp">
      <Filter>Source Files</Filter>
    </ClCompile>
    <ClCompile Include="scd_datatypetemplates.cpp">
      <Filter>Source Files</Filter>
    </ClCompile>
    <ClCompile Include="scd_ied.cpp">
      <Filter>Source Files</Filter>
    </ClCompile>
    <ClCompile Include="scd_interface.cpp">
      <Filter>Source Files</Filter>
    </ClCompile>
  </ItemGroup>
  <ItemGroup>
    <ClInclude Include="scd.h">
      <Filter>Header Files</Filter>
    </ClInclude>
    <ClInclude Include="scd_Communication.h">
      <Filter>Header Files</Filter>
    </ClInclude>
    <ClInclude Include="scd_comm.h">
      <Filter>Header Files</Filter>
    </ClInclude>
    <ClInclude Include="scd_datatypetemplates.h">
      <Filter>Header Files</Filter>
    </ClInclude>
    <ClInclude Include="scd_ied.h">
      <Filter>Header Files</Filter>
    </ClInclude>
    <ClInclude Include="scd_interface.h">
      <Filter>Header Files</Filter>
    </ClInclude>
  </ItemGroup>
</Project>